
Microsoft Visual Studio Solution File, Format Version 12.00
# Visual Studio Version 17
VisualStudioVersion = 17.10.34928.147
MinimumVisualStudioVersion = 10.0.40219.1
Project("{FAE04EC0-301F-11D3-BF4B-00C04F79EFBC}") = "Clean", "Clean.csproj", "{1B6D51BA-BD97-4EFF-904F-A27C9B45276E}"
EndProject
Global
	GlobalSection(SolutionConfigurationPlatforms) = preSolution
		Debug|Any CPU = Debug|Any CPU
		Release|Any CPU = Release|Any CPU
	EndGlobalSection
	GlobalSection(ProjectConfigurationPlatforms) = postSolution
		{1B6D51BA-BD97-4EFF-904F-A27C9B45276E}.Debug|Any CPU.ActiveCfg = Debug|Any CPU
		{1B6D51BA-BD97-4EFF-904F-A27C9B45276E}.Debug|Any CPU.Build.0 = Debug|Any CPU
		{1B6D51BA-BD97-4EFF-904F-A27C9B45276E}.Release|Any CPU.ActiveCfg = Release|Any CPU
		{1B6D51BA-BD97-4EFF-904F-A27C9B45276E}.Release|Any CPU.Build.0 = Release|Any CPU
	EndGlobalSection
	GlobalSection(SolutionProperties) = preSolution
		HideSolutionNode = FALSE
	EndGlobalSection
	GlobalSection(ExtensibilityGlobals) = postSolution
		SolutionGuid = {79C4D449-A84D-4A5D-B6E3-280BCBBB4182}
	EndGlobalSection
EndGlobal
